
Microsoft Visual Studio Solution File, Format Version 12.00
# Visual Studio Version 16
VisualStudioVersion = 16.0.31729.503
MinimumVisualStudioVersion = 10.0.40219.1
Project("{FAE04EC0-301F-11D3-BF4B-00C04F79EFBC}") = "Calculator", "Calculator\Calculator.csproj", "{9D202229-C6D8-43BB-9BE8-9D3564017A4E}"
EndProject
Project("{FAE04EC0-301F-11D3-BF4B-00C04F79EFBC}") = "CalculatorTester", "CalculatorTester\CalculatorTester.csproj", "{C2DF10F3-BF26-439C-898D-4C57C8B52F3B}"
EndProject
Project("{00D1A9C2-B5F0-4AF3-8072-F6C62B433612}") = "DbTest", "DbTest\DbTest.sqlproj", "{C09D89A3-25E1-4A19-80DA-B07A939A01BD}"
EndProject
Project("{FAE04EC0-301F-11D3-BF4B-00C04F79EFBC}") = "BookstoreDbTester", "BookstoreDbTester\BookstoreDbTester.csproj", "{B2F7E57B-5F54-4427-8CE8-48FC6FF3B546}"
EndProject
Global
	GlobalSection(SolutionConfigurationPlatforms) = preSolution
		Debug|Any CPU = Debug|Any CPU
		Release|Any CPU = Release|Any CPU
	EndGlobalSection
	GlobalSection(ProjectConfigurationPlatforms) = postSolution
		{9D202229-C6D8-43BB-9BE8-9D3564017A4E}.Debug|Any CPU.ActiveCfg = Debug|Any CPU
		{9D202229-C6D8-43BB-9BE8-9D3564017A4E}.Debug|Any CPU.Build.0 = Debug|Any CPU
		{9D202229-C6D8-43BB-9BE8-9D3564017A4E}.Release|Any CPU.ActiveCfg = Release|Any CPU
		{9D202229-C6D8-43BB-9BE8-9D3564017A4E}.Release|Any CPU.Build.0 = Release|Any CPU
		{C2DF10F3-BF26-439C-898D-4C57C8B52F3B}.Debug|Any CPU.ActiveCfg = Debug|Any CPU
		{C2DF10F3-BF26-439C-898D-4C57C8B52F3B}.Debug|Any CPU.Build.0 = Debug|Any CPU
		{C2DF10F3-BF26-439C-898D-4C57C8B52F3B}.Release|Any CPU.ActiveCfg = Release|Any CPU
		{C2DF10F3-BF26-439C-898D-4C57C8B52F3B}.Release|Any CPU.Build.0 = Release|Any CPU
		{C09D89A3-25E1-4A19-80DA-B07A939A01BD}.Debug|Any CPU.ActiveCfg = Debug|Any CPU
		{C09D89A3-25E1-4A19-80DA-B07A939A01BD}.Debug|Any CPU.Build.0 = Debug|Any CPU
		{C09D89A3-25E1-4A19-80DA-B07A939A01BD}.Debug|Any CPU.Deploy.0 = Debug|Any CPU
		{C09D89A3-25E1-4A19-80DA-B07A939A01BD}.Release|Any CPU.ActiveCfg = Release|Any CPU
		{C09D89A3-25E1-4A19-80DA-B07A939A01BD}.Release|Any CPU.Build.0 = Release|Any CPU
		{C09D89A3-25E1-4A19-80DA-B07A939A01BD}.Release|Any CPU.Deploy.0 = Release|Any CPU
		{B2F7E57B-5F54-4427-8CE8-48FC6FF3B546}.Debug|Any CPU.ActiveCfg = Debug|Any CPU
		{B2F7E57B-5F54-4427-8CE8-48FC6FF3B546}.Debug|Any CPU.Build.0 = Debug|Any CPU
		{B2F7E57B-5F54-4427-8CE8-48FC6FF3B546}.Release|Any CPU.ActiveCfg = Release|Any CPU
		{B2F7E57B-5F54-4427-8CE8-48FC6FF3B546}.Release|Any CPU.Build.0 = Release|Any CPU
	EndGlobalSection
	GlobalSection(SolutionProperties) = preSolution
		HideSolutionNode = FALSE
	EndGlobalSection
	GlobalSection(ExtensibilityGlobals) = postSolution
		SolutionGuid = {A12D5AC0-F5AC-4E5E-B875-3135E3858E0B}
	EndGlobalSection
EndGlobal
